// !$*UTF8*$!
{
	archiveVersion = 1;
	classes = {
	};
	objectVersion = 50;
	objects = {

/* Begin PBXBuildFile section */
		01833EDB25ED26F10050FBD2 /* BiirApp.swift in Sources */ = {isa = PBXBuildFile; fileRef = 01833EDA25ED26F10050FBD2 /* BiirApp.swift */; };
		01833EDD25ED26F10050FBD2 /* ContentView.swift in Sources */ = {isa = PBXBuildFile; fileRef = 01833EDC25ED26F10050FBD2 /* ContentView.swift */; };
		01833EDF25ED26F10050FBD2 /* Assets.xcassets in Resources */ = {isa = PBXBuildFile; fileRef = 01833EDE25ED26F10050FBD2 /* Assets.xcassets */; };
		01833EE225ED26F10050FBD2 /* Preview Assets.xcassets in Resources */ = {isa = PBXBuildFile; fileRef = 01833EE125ED26F10050FBD2 /* Preview Assets.xcassets */; };
		01833EE425ED26F10050FBD2 /* Persistence.swift in Sources */ = {isa = PBXBuildFile; fileRef = 01833EE325ED26F10050FBD2 /* Persistence.swift */; };
		01833EE725ED26F10050FBD2 /* Biir.xcdatamodeld in Sources */ = {isa = PBXBuildFile; fileRef = 01833EE525ED26F10050FBD2 /* Biir.xcdatamodeld */; };
		01833EF225ED26F20050FBD2 /* BiirTests.swift in Sources */ = {isa = PBXBuildFile; fileRef = 01833EF125ED26F20050FBD2 /* BiirTests.swift */; };
		01833EFD25ED26F20050FBD2 /* BiirUITests.swift in Sources */ = {isa = PBXBuildFile; fileRef = 01833EFC25ED26F20050FBD2 /* BiirUITests.swift */; };
/* End PBXBuildFile section */

/* Begin PBXContainerItemProxy section */
		01833EEE25ED26F20050FBD2 /* PBXContainerItemProxy */ = {
			isa = PBXContainerItemProxy;
			containerPortal = 01833ECF25ED26F10050FBD2 /* Project object */;
			proxyType = 1;
			remoteGlobalIDString = 01833ED625ED26F10050FBD2;
			remoteInfo = Biir;
		};
		01833EF925ED26F20050FBD2 /* PBXContainerItemProxy */ = {
			isa = PBXContainerItemProxy;
			containerPortal = 01833ECF25ED26F10050FBD2 /* Project object */;
			proxyType = 1;
			remoteGlobalIDString = 01833ED625ED26F10050FBD2;
			remoteInfo = Biir;
		};
/* End PBXContainerItemProxy section */

/* Begin PBXFileReference section */
		01833ED725ED26F10050FBD2 /* Biir.app */ = {isa = PBXFileReference; explicitFileType = wrapper.application; includeInIndex = 0; path = Biir.app; sourceTree = BUILT_PRODUCTS_DIR; };
		01833EDA25ED26F10050FBD2 /* BiirApp.swift */ = {isa = PBXFileReference; lastKnownFileType = sourcecode.swift; path = BiirApp.swift; sourceTree = "<group>"; };
		01833EDC25ED26F10050FBD2 /* ContentView.swift */ = {isa = PBXFileReference; lastKnownFileType = sourcecode.swift; path = ContentView.swift; sourceTree = "<group>"; };
		01833EDE25ED26F10050FBD2 /* Assets.xcassets */ = {isa = PBXFileReference; lastKnownFileType = folder.assetcatalog; path = Assets.xcassets; sourceTree = "<group>"; };
		01833EE125ED26F10050FBD2 /* Preview Assets.xcassets */ = {isa = PBXFileReference; lastKnownFileType = folder.assetcatalog; path = "Preview Assets.xcassets"; sourceTree = "<group>"; };
		01833EE325ED26F10050FBD2 /* Persistence.swift */ = {isa = PBXFileReference; lastKnownFileType = sourcecode.swift; path = Persistence.swift; sourceTree = "<group>"; };
		01833EE625ED26F10050FBD2 /* Biir.xcdatamodel */ = {isa = PBXFileReference; lastKnownFileType = wrapper.xcdatamodel; path = Biir.xcdatamodel; sourceTree = "<group>"; };
		01833EE825ED26F10050FBD2 /* Info.plist */ = {isa = PBXFileReference; lastKnownFileType = text.plist.xml; path = Info.plist; sourceTree = "<group>"; };
		01833EED25ED26F20050FBD2 /* BiirTests.xctest */ = {isa = PBXFileReference; explicitFileType = wrapper.cfbundle; includeInIndex = 0; path = BiirTests.xctest; sourceTree = BUILT_PRODUCTS_DIR; };
		01833EF125ED26F20050FBD2 /* BiirTests.swift */ = {isa = PBXFileReference; lastKnownFileType = sourcecode.swift; path = BiirTests.swift; sourceTree = "<group>"; };
		01833EF325ED26F20050FBD2 /* Info.plist */ = {isa = PBXFileReference; lastKnownFileType = text.plist.xml; path = Info.plist; sourceTree = "<group>"; };
		01833EF825ED26F20050FBD2 /* BiirUITests.xctest */ = {isa = PBXFileReference; explicitFileType = wrapper.cfbundle; includeInIndex = 0; path = BiirUITests.xctest; sourceTree = BUILT_PRODUCTS_DIR; };
		01833EFC25ED26F20050FBD2 /* BiirUITests.swift */ = {isa = PBXFileReference; lastKnownFileType = sourcecode.swift; path = BiirUITests.swift; sourceTree = "<group>"; };
		01833EFE25ED26F20050FBD2 /* Info.plist */ = {isa = PBXFileReference; lastKnownFileType = text.plist.xml; path = Info.plist; sourceTree = "<group>"; };
/* End PBXFileReference section */

/* Begin PBXFrameworksBuildPhase section */
		01833ED425ED26F10050FBD2 /* Frameworks */ = {
			isa = PBXFrameworksBuildPhase;
			buildActionMask = 2147483647;
			files = (
			);
			runOnlyForDeploymentPostprocessing = 0;
		};
		01833EEA25ED26F20050FBD2 /* Frameworks */ = {
			isa = PBXFrameworksBuildPhase;
			buildActionMask = 2147483647;
			files = (
			);
			runOnlyForDeploymentPostprocessing = 0;
		};
		01833EF525ED26F20050FBD2 /* Frameworks */ = {
			isa = PBXFrameworksBuildPhase;
			buildActionMask = 2147483647;
			files = (
			);
			runOnlyForDeploymentPostprocessing = 0;
		};
/* End PBXFrameworksBuildPhase section */

/* Begin PBXGroup section */
		01833ECE25ED26F10050FBD2 = {
			isa = PBXGroup;
			children = (
				01833ED925ED26F10050FBD2 /* Biir */,
				01833EF025ED26F20050FBD2 /* BiirTests */,
				01833EFB25ED26F20050FBD2 /* BiirUITests */,
				01833ED825ED26F10050FBD2 /* Products */,
			);
			sourceTree = "<group>";
		};
		01833ED825ED26F10050FBD2 /* Products */ = {
			isa = PBXGroup;
			children = (
				01833ED725ED26F10050FBD2 /* Biir.app */,
				01833EED25ED26F20050FBD2 /* BiirTests.xctest */,
				01833EF825ED26F20050FBD2 /* BiirUITests.xctest */,
			);
			name = Products;
			sourceTree = "<group>";
		};
		01833ED925ED26F10050FBD2 /* Biir */ = {
			isa = PBXGroup;
			children = (
				01833EDA25ED26F10050FBD2 /* BiirApp.swift */,
				01833EDC25ED26F10050FBD2 /* ContentView.swift */,
				01833EDE25ED26F10050FBD2 /* Assets.xcassets */,
				01833EE325ED26F10050FBD2 /* Persistence.swift */,
				01833EE825ED26F10050FBD2 /* Info.plist */,
				01833EE525ED26F10050FBD2 /* Biir.xcdatamodeld */,
				01833EE025ED26F10050FBD2 /* Preview Content */,
			);
			path = Biir;
			sourceTree = "<group>";
		};
		01833EE025ED26F10050FBD2 /* Preview Content */ = {
			isa = PBXGroup;
			children = (
				01833EE125ED26F10050FBD2 /* Preview Assets.xcassets */,
			);
			path = "Preview Content";
			sourceTree = "<group>";
		};
		01833EF025ED26F20050FBD2 /* BiirTests */ = {
			isa = PBXGroup;
			children = (
				01833EF125ED26F20050FBD2 /* BiirTests.swift */,
				01833EF325ED26F20050FBD2 /* Info.plist */,
			);
			path = BiirTests;
			sourceTree = "<group>";
		};
		01833EFB25ED26F20050FBD2 /* BiirUITests */ = {
			isa = PBXGroup;
			children = (
				01833EFC25ED26F20050FBD2 /* BiirUITests.swift */,
				01833EFE25ED26F20050FBD2 /* Info.plist */,
			);
			path = BiirUITests;
			sourceTree = "<group>";
		};
/* End PBXGroup section */

/* Begin PBXNativeTarget section */
		01833ED625ED26F10050FBD2 /* Biir */ = {
			isa = PBXNativeTarget;
			buildConfigurationList = 01833F0125ED26F20050FBD2 /* Build configuration list for PBXNativeTarget "Biir" */;
			buildPhases = (
				01833ED325ED26F10050FBD2 /* Sources */,
				01833ED425ED26F10050FBD2 /* Frameworks */,
				01833ED525ED26F10050FBD2 /* Resources */,
			);
			buildRules = (
			);
			dependencies = (
			);
			name = Biir;
			productName = Biir;
			productReference = 01833ED725ED26F10050FBD2 /* Biir.app */;
			productType = "com.apple.product-type.application";
		};
		01833EEC25ED26F20050FBD2 /* BiirTests */ = {
			isa = PBXNativeTarget;
			buildConfigurationList = 01833F0425ED26F20050FBD2 /* Build configuration list for PBXNativeTarget "BiirTests" */;
			buildPhases = (
				01833EE925ED26F20050FBD2 /* Sources */,
				01833EEA25ED26F20050FBD2 /* Frameworks */,
				01833EEB25ED26F20050FBD2 /* Resources */,
			);
			buildRules = (
			);
			dependencies = (
				01833EEF25ED26F20050FBD2 /* PBXTargetDependency */,
			);
			name = BiirTests;
			productName = BiirTests;
			productReference = 01833EED25ED26F20050FBD2 /* BiirTests.xctest */;
			productType = "com.apple.product-type.bundle.unit-test";
		};
		01833EF725ED26F20050FBD2 /* BiirUITests */ = {
			isa = PBXNativeTarget;
			buildConfigurationList = 01833F0725ED26F20050FBD2 /* Build configuration list for PBXNativeTarget "BiirUITests" */;
			buildPhases = (
				01833EF425ED26F20050FBD2 /* Sources */,
				01833EF525ED26F20050FBD2 /* Frameworks */,
				01833EF625ED26F20050FBD2 /* Resources */,
			);
			buildRules = (
			);
			dependencies = (
				01833EFA25ED26F20050FBD2 /* PBXTargetDependency */,
			);
			name = BiirUITests;
			productName = BiirUITests;
			productReference = 01833EF825ED26F20050FBD2 /* BiirUITests.xctest */;
			productType = "com.apple.product-type.bundle.ui-testing";
		};
/* End PBXNativeTarget section */

/* Begin PBXProject section */
		01833ECF25ED26F10050FBD2 /* Project object */ = {
			isa = PBXProject;
			attributes = {
				LastSwiftUpdateCheck = 1240;
				LastUpgradeCheck = 1240;
				TargetAttributes = {
					01833ED625ED26F10050FBD2 = {
						CreatedOnToolsVersion = 12.4;
					};
					01833EEC25ED26F20050FBD2 = {
						CreatedOnToolsVersion = 12.4;
						TestTargetID = 01833ED625ED26F10050FBD2;
					};
					01833EF725ED26F20050FBD2 = {
						CreatedOnToolsVersion = 12.4;
						TestTargetID = 01833ED625ED26F10050FBD2;
					};
				};
			};
			buildConfigurationList = 01833ED225ED26F10050FBD2 /* Build configuration list for PBXProject "Biir" */;
			compatibilityVersion = "Xcode 9.3";
			developmentRegion = en;
			hasScannedForEncodings = 0;
			knownRegions = (
				en,
				Base,
			);
			mainGroup = 01833ECE25ED26F10050FBD2;
			productRefGroup = 01833ED825ED26F10050FBD2 /* Products */;
			projectDirPath = "";
			projectRoot = "";
			targets = (
				01833ED625ED26F10050FBD2 /* Biir */,
				01833EEC25ED26F20050FBD2 /* BiirTests */,
				01833EF725ED26F20050FBD2 /* BiirUITests */,
			);
		};
/* End PBXProject section */

/* Begin PBXResourcesBuildPhase section */
		01833ED525ED26F10050FBD2 /* Resources */ = {
			isa = PBXResourcesBuildPhase;
			buildActionMask = 2147483647;
			files = (
				01833EE225ED26F10050FBD2 /* Preview Assets.xcassets in Resources */,
				01833EDF25ED26F10050FBD2 /* Assets.xcassets in Resources */,
			);
			runOnlyForDeploymentPostprocessing = 0;
		};
		01833EEB25ED26F20050FBD2 /* Resources */ = {
			isa = PBXResourcesBuildPhase;
			buildActionMask = 2147483647;
			files = (
			);
			runOnlyForDeploymentPostprocessing = 0;
		};
		01833EF625ED26F20050FBD2 /* Resources */ = {
			isa = PBXResourcesBuildPhase;
			buildActionMask = 2147483647;
			files = (
			);
			runOnlyForDeploymentPostprocessing = 0;
		};
/* End PBXResourcesBuildPhase section */

/* Begin PBXSourcesBuildPhase section */
		01833ED325ED26F10050FBD2 /* Sources */ = {
			isa = PBXSourcesBuildPhase;
			buildActionMask = 2147483647;
			files = (
				01833EE425ED26F10050FBD2 /* Persistence.swift in Sources */,
				01833EDD25ED26F10050FBD2 /* ContentView.swift in Sources */,
				01833EDB25ED26F10050FBD2 /* BiirApp.swift in Sources */,
				01833EE725ED26F10050FBD2 /* Biir.xcdatamodeld in Sources */,
			);
			runOnlyForDeploymentPostprocessing = 0;
		};
		01833EE925ED26F20050FBD2 /* Sources */ = {
			isa = PBXSourcesBuildPhase;
			buildActionMask = 2147483647;
			files = (
				01833EF225ED26F20050FBD2 /* BiirTests.swift in Sources */,
			);
			runOnlyForDeploymentPostprocessing = 0;
		};
		01833EF425ED26F20050FBD2 /* Sources */ = {
			isa = PBXSourcesBuildPhase;
			buildActionMask = 2147483647;
			files = (
				01833EFD25ED26F20050FBD2 /* BiirUITests.swift in Sources */,
			);
			runOnlyForDeploymentPostprocessing = 0;
		};
/* End PBXSourcesBuildPhase section */

/* Begin PBXTargetDependency section */
		01833EEF25ED26F20050FBD2 /* PBXTargetDependency */ = {
			isa = PBXTargetDependency;
			target = 01833ED625ED26F10050FBD2 /* Biir */;
			targetProxy = 01833EEE25ED26F20050FBD2 /* PBXContainerItemProxy */;
		};
		01833EFA25ED26F20050FBD2 /* PBXTargetDependency */ = {
			isa = PBXTargetDependency;
			target = 01833ED625ED26F10050FBD2 /* Biir */;
			targetProxy = 01833EF925ED26F20050FBD2 /* PBXContainerItemProxy */;
		};
/* End PBXTargetDependency section */

/* Begin XCBuildConfiguration section */
		01833EFF25ED26F20050FBD2 /* Debug */ = {
			isa = XCBuildConfiguration;
			buildSettings = {
				ALWAYS_SEARCH_USER_PATHS = NO;
				CLANG_ANALYZER_NONNULL = YES;
				CLANG_ANALYZER_NUMBER_OBJECT_CONVERSION = YES_AGGRESSIVE;
				CLANG_CXX_LANGUAGE_STANDARD = "gnu++14";
				CLANG_CXX_LIBRARY = "libc++";
				CLANG_ENABLE_MODULES = YES;
				CLANG_ENABLE_OBJC_ARC = YES;
				CLANG_ENABLE_OBJC_WEAK = YES;
				CLANG_WARN_BLOCK_CAPTURE_AUTORELEASING = YES;
				CLANG_WARN_BOOL_CONVERSION = YES;
				CLANG_WARN_COMMA = YES;
				CLANG_WARN_CONSTANT_CONVERSION = YES;
				CLANG_WARN_DEPRECATED_OBJC_IMPLEMENTATIONS = YES;
				CLANG_WARN_DIRECT_OBJC_ISA_USAGE = YES_ERROR;
				CLANG_WARN_DOCUMENTATION_COMMENTS = YES;
				CLANG_WARN_EMPTY_BODY = YES;
				CLANG_WARN_ENUM_CONVERSION = YES;
				CLANG_WARN_INFINITE_RECURSION = YES;
				CLANG_WARN_INT_CONVERSION = YES;
				CLANG_WARN_NON_LITERAL_NULL_CONVERSION = YES;
				CLANG_WARN_OBJC_IMPLICIT_RETAIN_SELF = YES;
				CLANG_WARN_OBJC_LITERAL_CONVERSION = YES;
				CLANG_WARN_OBJC_ROOT_CLASS = YES_ERROR;
				CLANG_WARN_QUOTED_INCLUDE_IN_FRAMEWORK_HEADER = YES;
				CLANG_WARN_RANGE_LOOP_ANALYSIS = YES;
				CLANG_WARN_STRICT_PROTOTYPES = YES;
				CLANG_WARN_SUSPICIOUS_MOVE = YES;
				CLANG_WARN_UNGUARDED_AVAILABILITY = YES_AGGRESSIVE;
				CLANG_WARN_UNREACHABLE_CODE = YES;
				CLANG_WARN__DUPLICATE_METHOD_MATCH = YES;
				COPY_PHASE_STRIP = NO;
				DEBUG_INFORMATION_FORMAT = dwarf;
				ENABLE_STRICT_OBJC_MSGSEND = YES;
				ENABLE_TESTABILITY = YES;
				GCC_C_LANGUAGE_STANDARD = gnu11;
				GCC_DYNAMIC_NO_PIC = NO;
				GCC_NO_COMMON_BLOCKS = YES;
				GCC_OPTIMIZATION_LEVEL = 0;
				GCC_PREPROCESSOR_DEFINITIONS = (
					"DEBUG=1",
					"$(inherited)",
				);
				GCC_WARN_64_TO_32_BIT_CONVERSION = YES;
				GCC_WARN_ABOUT_RETURN_TYPE = YES_ERROR;
				GCC_WARN_UNDECLARED_SELECTOR = YES;
				GCC_WARN_UNINITIALIZED_AUTOS = YES_AGGRESSIVE;
				GCC_WARN_UNUSED_FUNCTION = YES;
				GCC_WARN_UNUSED_VARIABLE = YES;
				IPHONEOS_DEPLOYMENT_TARGET = 14.4;
				MTL_ENABLE_DEBUG_INFO = INCLUDE_SOURCE;
				MTL_FAST_MATH = YES;
				ONLY_ACTIVE_ARCH = YES;
				SDKROOT = iphoneos;
				SWIFT_ACTIVE_COMPILATION_CONDITIONS = DEBUG;
				SWIFT_OPTIMIZATION_LEVEL = "-Onone";
			};
			name = Debug;
		};
		01833F0025ED26F20050FBD2 /* Release */ = {
			isa = XCBuildConfiguration;
			buildSettings = {
				ALWAYS_SEARCH_USER_PATHS = NO;
				CLANG_ANALYZER_NONNULL = YES;
				CLANG_ANALYZER_NUMBER_OBJECT_CONVERSION = YES_AGGRESSIVE;
				CLANG_CXX_LANGUAGE_STANDARD = "gnu++14";
				CLANG_CXX_LIBRARY = "libc++";
				CLANG_ENABLE_MODULES = YES;
				CLANG_ENABLE_OBJC_ARC = YES;
				CLANG_ENABLE_OBJC_WEAK = YES;
				CLANG_WARN_BLOCK_CAPTURE_AUTORELEASING = YES;
				CLANG_WARN_BOOL_CONVERSION = YES;
				CLANG_WARN_COMMA = YES;
				CLANG_WARN_CONSTANT_CONVERSION = YES;
				CLANG_WARN_DEPRECATED_OBJC_IMPLEMENTATIONS = YES;
				CLANG_WARN_DIRECT_OBJC_ISA_USAGE = YES_ERROR;
				CLANG_WARN_DOCUMENTATION_COMMENTS = YES;
				CLANG_WARN_EMPTY_BODY = YES;
				CLANG_WARN_ENUM_CONVERSION = YES;
				CLANG_WARN_INFINITE_RECURSION = YES;
				CLANG_WARN_INT_CONVERSION = YES;
				CLANG_WARN_NON_LITERAL_NULL_CONVERSION = YES;
				CLANG_WARN_OBJC_IMPLICIT_RETAIN_SELF = YES;
				CLANG_WARN_OBJC_LITERAL_CONVERSION = YES;
				CLANG_WARN_OBJC_ROOT_CLASS = YES_ERROR;
				CLANG_WARN_QUOTED_INCLUDE_IN_FRAMEWORK_HEADER = YES;
				CLANG_WARN_RANGE_LOOP_ANALYSIS = YES;
				CLANG_WARN_STRICT_PROTOTYPES = YES;
				CLANG_WARN_SUSPICIOUS_MOVE = YES;
				CLANG_WARN_UNGUARDED_AVAILABILITY = YES_AGGRESSIVE;
				CLANG_WARN_UNREACHABLE_CODE = YES;
				CLANG_WARN__DUPLICATE_METHOD_MATCH = YES;
				COPY_PHASE_STRIP = NO;
				DEBUG_INFORMATION_FORMAT = "dwarf-with-dsym";
				ENABLE_NS_ASSERTIONS = NO;
				ENABLE_STRICT_OBJC_MSGSEND = YES;
				GCC_C_LANGUAGE_STANDARD = gnu11;
				GCC_NO_COMMON_BLOCKS = YES;
				GCC_WARN_64_TO_32_BIT_CONVERSION = YES;
				GCC_WARN_ABOUT_RETURN_TYPE = YES_ERROR;
				GCC_WARN_UNDECLARED_SELECTOR = YES;
				GCC_WARN_UNINITIALIZED_AUTOS = YES_AGGRESSIVE;
				GCC_WARN_UNUSED_FUNCTION = YES;
				GCC_WARN_UNUSED_VARIABLE = YES;
				IPHONEOS_DEPLOYMENT_TARGET = 14.4;
				MTL_ENABLE_DEBUG_INFO = NO;
				MTL_FAST_MATH = YES;
				SDKROOT = iphoneos;
				SWIFT_COMPILATION_MODE = wholemodule;
				SWIFT_OPTIMIZATION_LEVEL = "-O";
				VALIDATE_PRODUCT = YES;
			};
			name = Release;
		};
		01833F0225ED26F20050FBD2 /* Debug */ = {
			isa = XCBuildConfiguration;
			buildSettings = {
				ASSETCATALOG_COMPILER_APPICON_NAME = AppIcon;
				ASSETCATALOG_COMPILER_GLOBAL_ACCENT_COLOR_NAME = AccentColor;
				CODE_SIGN_STYLE = Automatic;
				DEVELOPMENT_ASSET_PATHS = "\"Biir/Preview Content\"";
				DEVELOPMENT_TEAM = A9MY2568LT;
				ENABLE_PREVIEWS = YES;
				INFOPLIST_FILE = Biir/Info.plist;
				IPHONEOS_DEPLOYMENT_TARGET = 14.0;
				LD_RUNPATH_SEARCH_PATHS = (
					"$(inherited)",
					"@executable_path/Frameworks",
				);
				PRODUCT_BUNDLE_IDENTIFIER = Frank.Biir;
				PRODUCT_NAME = "$(TARGET_NAME)";
				SWIFT_VERSION = 5.0;
				TARGETED_DEVICE_FAMILY = "1,2";
			};
			name = Debug;
		};
		01833F0325ED26F20050FBD2 /* Release */ = {
			isa = XCBuildConfiguration;
			buildSettings = {
				ASSETCATALOG_COMPILER_APPICON_NAME = AppIcon;
				ASSETCATALOG_COMPILER_GLOBAL_ACCENT_COLOR_NAME = AccentColor;
				CODE_SIGN_STYLE = Automatic;
				DEVELOPMENT_ASSET_PATHS = "\"Biir/Preview Content\"";
				DEVELOPMENT_TEAM = A9MY2568LT;
				ENABLE_PREVIEWS = YES;
				INFOPLIST_FILE = Biir/Info.plist;
				IPHONEOS_DEPLOYMENT_TARGET = 14.0;
				LD_RUNPATH_SEARCH_PATHS = (
					"$(inherited)",
					"@executable_path/Frameworks",
				);
				PRODUCT_BUNDLE_IDENTIFIER = Frank.Biir;
				PRODUCT_NAME = "$(TARGET_NAME)";
				SWIFT_VERSION = 5.0;
				TARGETED_DEVICE_FAMILY = "1,2";
			};
			name = Release;
		};
		01833F0525ED26F20050FBD2 /* Debug */ = {
			isa = XCBuildConfiguration;
			buildSettings = {
				ALWAYS_EMBED_SWIFT_STANDARD_LIBRARIES = YES;
				BUNDLE_LOADER = "$(TEST_HOST)";
				CODE_SIGN_STYLE = Automatic;
				DEVELOPMENT_TEAM = A9MY2568LT;
				INFOPLIST_FILE = BiirTests/Info.plist;
				IPHONEOS_DEPLOYMENT_TARGET = 14.0;
				LD_RUNPATH_SEARCH_PATHS = (
					"$(inherited)",
					"@executable_path/Frameworks",
					"@loader_path/Frameworks",
				);
				PRODUCT_BUNDLE_IDENTIFIER = Frank.BiirTests;
				PRODUCT_NAME = "$(TARGET_NAME)";
				SWIFT_VERSION = 5.0;
				TARGETED_DEVICE_FAMILY = "1,2";
				TEST_HOST = "$(BUILT_PRODUCTS_DIR)/Biir.app/Biir";
			};
			name = Debug;
		};
		01833F0625ED26F20050FBD2 /* Release */ = {
			isa = XCBuildConfiguration;
			buildSettings = {
				ALWAYS_EMBED_SWIFT_STANDARD_LIBRARIES = YES;
				BUNDLE_LOADER = "$(TEST_HOST)";
				CODE_SIGN_STYLE = Automatic;
				DEVELOPMENT_TEAM = A9MY2568LT;
				INFOPLIST_FILE = BiirTests/Info.plist;
				IPHONEOS_DEPLOYMENT_TARGET = 14.0;
				LD_RUNPATH_SEARCH_PATHS = (
					"$(inherited)",
					"@executable_path/Frameworks",
					"@loader_path/Frameworks",
				);
				PRODUCT_BUNDLE_IDENTIFIER = Frank.BiirTests;
				PRODUCT_NAME = "$(TARGET_NAME)";
				SWIFT_VERSION = 5.0;
				TARGETED_DEVICE_FAMILY = "1,2";
				TEST_HOST = "$(BUILT_PRODUCTS_DIR)/Biir.app/Biir";
			};
			name = Release;
		};
		01833F0825ED26F20050FBD2 /* Debug */ = {
			isa = XCBuildConfiguration;
			buildSettings = {
				ALWAYS_EMBED_SWIFT_STANDARD_LIBRARIES = YES;
				CODE_SIGN_STYLE = Automatic;
				DEVELOPMENT_TEAM = A9MY2568LT;
				INFOPLIST_FILE = BiirUITests/Info.plist;
				LD_RUNPATH_SEARCH_PATHS = (
					"$(inherited)",
					"@executable_path/Frameworks",
					"@loader_path/Frameworks",
				);
				PRODUCT_BUNDLE_IDENTIFIER = Frank.BiirUITests;
				PRODUCT_NAME = "$(TARGET_NAME)";
				SWIFT_VERSION = 5.0;
				TARGETED_DEVICE_FAMILY = "1,2";
				TEST_TARGET_NAME = Biir;
			};
			name = Debug;
		};
		01833F0925ED26F20050FBD2 /* Release */ = {
			isa = XCBuildConfiguration;
			buildSettings = {
				ALWAYS_EMBED_SWIFT_STANDARD_LIBRARIES = YES;
				CODE_SIGN_STYLE = Automatic;
				DEVELOPMENT_TEAM = A9MY2568LT;
				INFOPLIST_FILE = BiirUITests/Info.plist;
				LD_RUNPATH_SEARCH_PATHS = (
					"$(inherited)",
					"@executable_path/Frameworks",
					"@loader_path/Frameworks",
				);
				PRODUCT_BUNDLE_IDENTIFIER = Frank.BiirUITests;
				PRODUCT_NAME = "$(TARGET_NAME)";
				SWIFT_VERSION = 5.0;
				TARGETED_DEVICE_FAMILY = "1,2";
				TEST_TARGET_NAME = Biir;
			};
			name = Release;
		};
/* End XCBuildConfiguration section */

/* Begin XCConfigurationList section */
		01833ED225ED26F10050FBD2 /* Build configuration list for PBXProject "Biir" */ = {
			isa = XCConfigurationList;
			buildConfigurations = (
				01833EFF25ED26F20050FBD2 /* Debug */,
				01833F0025ED26F20050FBD2 /* Release */,
			);
			defaultConfigurationIsVisible = 0;
			defaultConfigurationName = Release;
		};
		01833F0125ED26F20050FBD2 /* Build configuration list for PBXNativeTarget "Biir" */ = {
			isa = XCConfigurationList;
			buildConfigurations = (
				01833F0225ED26F20050FBD2 /* Debug */,
				01833F0325ED26F20050FBD2 /* Release */,
			);
			defaultConfigurationIsVisible = 0;
			defaultConfigurationName = Release;
		};
		01833F0425ED26F20050FBD2 /* Build configuration list for PBXNativeTarget "BiirTests" */ = {
			isa = XCConfigurationList;
			buildConfigurations = (
				01833F0525ED26F20050FBD2 /* Debug */,
				01833F0625ED26F20050FBD2 /* Release */,
			);
			defaultConfigurationIsVisible = 0;
			defaultConfigurationName = Release;
		};
		01833F0725ED26F20050FBD2 /* Build configuration list for PBXNativeTarget "BiirUITests" */ = {
			isa = XCConfigurationList;
			buildConfigurations = (
				01833F0825ED26F20050FBD2 /* Debug */,
				01833F0925ED26F20050FBD2 /* Release */,
			);
			defaultConfigurationIsVisible = 0;
			defaultConfigurationName = Release;
		};
/* End XCConfigurationList section */

/* Begin XCVersionGroup section */
		01833EE525ED26F10050FBD2 /* Biir.xcdatamodeld */ = {
			isa = XCVersionGroup;
			children = (
				01833EE625ED26F10050FBD2 /* Biir.xcdatamodel */,
			);
			currentVersion = 01833EE625ED26F10050FBD2 /* Biir.xcdatamodel */;
			path = Biir.xcdatamodeld;
			sourceTree = "<group>";
			versionGroupType = wrapper.xcdatamodel;
		};
/* End XCVersionGroup section */
	};
	rootObject = 01833ECF25ED26F10050FBD2 /* Project object */;
}
